Microsoft Visual Studio Solution File, Format Version 12.00
# Visual Studio Version 17
VisualStudioVersion = 17.5.2.0
MinimumVisualStudioVersion = 10.0.40219.1
Project("{FAE04EC0-301F-11D3-BF4B-00C04F79EFBC}") = "ConstrutorAluno", "ConstrutorAluno.csproj", "{185BE789-BF85-FB2C-39A8-FB957436D23C}"
EndProject
Global
	GlobalSection(SolutionConfigurationPlatforms) = preSolution
		Debug|Any CPU = Debug|Any CPU
		Release|Any CPU = Release|Any CPU
	EndGlobalSection
	GlobalSection(ProjectConfigurationPlatforms) = postSolution
		{185BE789-BF85-FB2C-39A8-FB957436D23C}.Debug|Any CPU.ActiveCfg = Debug|Any CPU
		{185BE789-BF85-FB2C-39A8-FB957436D23C}.Debug|Any CPU.Build.0 = Debug|Any CPU
		{185BE789-BF85-FB2C-39A8-FB957436D23C}.Release|Any CPU.ActiveCfg = Release|Any CPU
		{185BE789-BF85-FB2C-39A8-FB957436D23C}.Release|Any CPU.Build.0 = Release|Any CPU
	EndGlobalSection
	GlobalSection(SolutionProperties) = preSolution
		HideSolutionNode = FALSE
	EndGlobalSection
	GlobalSection(ExtensibilityGlobals) = postSolution
		SolutionGuid = {B6A3EBD0-E93C-4AE2-9152-08C6E363B7ED}
	EndGlobalSection
EndGlobal
